
Microsoft Visual Studio Solution File, Format Version 12.00
# Visual Studio Version 16
VisualStudioVersion = 16.0.31729.503
MinimumVisualStudioVersion = 10.0.40219.1
Project("{FAE04EC0-301F-11D3-BF4B-00C04F79EFBC}") = "MachineCommandCenter.Client", "MachineCommandCenter.Client\MachineCommandCenter.Client.csproj", "{A8054ADE-292C-46BC-87BB-795744090B5A}"
EndProject
Project("{FAE04EC0-301F-11D3-BF4B-00C04F79EFBC}") = "MachineCommandCenter.Shared", "MachineCommandCenter.Shared\MachineCommandCenter.Shared.csproj", "{342CE3F7-CA15-4B77-8532-D41C6AFEE74B}"
EndProject
Project("{FAE04EC0-301F-11D3-BF4B-00C04F79EFBC}") = "MachineCommandCenter.Data", "MachineCommandCenter.Data\MachineCommandCenter.Data.csproj", "{231797C9-6526-4656-907B-BDF567CB5690}"
EndProject
Project("{FAE04EC0-301F-11D3-BF4B-00C04F79EFBC}") = "MashineCommandCenter.Api", "MashineCommandCenter.Api\MashineCommandCenter.Api.csproj", "{27394C36-3A14-4249-841B-2E7F0DDE688B}"
EndProject
Global
	GlobalSection(SolutionConfigurationPlatforms) = preSolution
		Debug|Any CPU = Debug|Any CPU
		Release|Any CPU = Release|Any CPU
	EndGlobalSection
	GlobalSection(ProjectConfigurationPlatforms) = postSolution
		{A8054ADE-292C-46BC-87BB-795744090B5A}.Debug|Any CPU.ActiveCfg = Debug|Any CPU
		{A8054ADE-292C-46BC-87BB-795744090B5A}.Debug|Any CPU.Build.0 = Debug|Any CPU
		{A8054ADE-292C-46BC-87BB-795744090B5A}.Release|Any CPU.ActiveCfg = Release|Any CPU
		{A8054ADE-292C-46BC-87BB-795744090B5A}.Release|Any CPU.Build.0 = Release|Any CPU
		{342CE3F7-CA15-4B77-8532-D41C6AFEE74B}.Debug|Any CPU.ActiveCfg = Debug|Any CPU
		{342CE3F7-CA15-4B77-8532-D41C6AFEE74B}.Debug|Any CPU.Build.0 = Debug|Any CPU
		{342CE3F7-CA15-4B77-8532-D41C6AFEE74B}.Release|Any CPU.ActiveCfg = Release|Any CPU
		{342CE3F7-CA15-4B77-8532-D41C6AFEE74B}.Release|Any CPU.Build.0 = Release|Any CPU
		{231797C9-6526-4656-907B-BDF567CB5690}.Debug|Any CPU.ActiveCfg = Debug|Any CPU
		{231797C9-6526-4656-907B-BDF567CB5690}.Debug|Any CPU.Build.0 = Debug|Any CPU
		{231797C9-6526-4656-907B-BDF567CB5690}.Release|Any CPU.ActiveCfg = Release|Any CPU
		{231797C9-6526-4656-907B-BDF567CB5690}.Release|Any CPU.Build.0 = Release|Any CPU
		{27394C36-3A14-4249-841B-2E7F0DDE688B}.Debug|Any CPU.ActiveCfg = Debug|Any CPU
		{27394C36-3A14-4249-841B-2E7F0DDE688B}.Debug|Any CPU.Build.0 = Debug|Any CPU
		{27394C36-3A14-4249-841B-2E7F0DDE688B}.Release|Any CPU.ActiveCfg = Release|Any CPU
		{27394C36-3A14-4249-841B-2E7F0DDE688B}.Release|Any CPU.Build.0 = Release|Any CPU
	EndGlobalSection
	GlobalSection(SolutionProperties) = preSolution
		HideSolutionNode = FALSE
	EndGlobalSection
	GlobalSection(ExtensibilityGlobals) = postSolution
		SolutionGuid = {CB06D190-F2BB-4BB1-B090-F0AFF427EDC0}
	EndGlobalSection
EndGlobal
